Microsoft Visual Studio Solution File, Format Version 12.00
# Visual Studio Version 17
VisualStudioVersion = 17.8.0.0
MinimumVisualStudioVersion = 17.8.0.0
Project("{9A19103F-16F7-4668-BE54-9A1E7A4F7556}") = "AspireScalar.AppHost", "AspireScalar.AppHost\AspireScalar.AppHost.csproj", "{314C543B-6F34-4F96-9ACE-8D682B7A7DAE}"
EndProject
Project("{9A19103F-16F7-4668-BE54-9A1E7A4F7556}") = "AspireScalar.ApiService", "AspireScalar.ApiService\AspireScalar.ApiService.csproj", "{B47FCFC0-BEA8-47AD-8D64-47AC24A817EC}"
EndProject
Project("{FAE04EC0-301F-11D3-BF4B-00C04F79EFBC}") = "AspireScalar.Integration", "AspireScalar.Integration\AspireScalar.Integration.csproj", "{D0F073F1-8D38-45E9-9D55-B473E88F4238}"
EndProject
Global
	GlobalSection(SolutionConfigurationPlatforms) = preSolution
		Debug|Any CPU = Debug|Any CPU
		Release|Any CPU = Release|Any CPU
	EndGlobalSection
	GlobalSection(ProjectConfigurationPlatforms) = postSolution
		{314C543B-6F34-4F96-9ACE-8D682B7A7DAE}.Debug|Any CPU.ActiveCfg = Debug|Any CPU
		{314C543B-6F34-4F96-9ACE-8D682B7A7DAE}.Debug|Any CPU.Build.0 = Debug|Any CPU
		{314C543B-6F34-4F96-9ACE-8D682B7A7DAE}.Release|Any CPU.ActiveCfg = Release|Any CPU
		{314C543B-6F34-4F96-9ACE-8D682B7A7DAE}.Release|Any CPU.Build.0 = Release|Any CPU
		{B47FCFC0-BEA8-47AD-8D64-47AC24A817EC}.Debug|Any CPU.ActiveCfg = Debug|Any CPU
		{B47FCFC0-BEA8-47AD-8D64-47AC24A817EC}.Debug|Any CPU.Build.0 = Debug|Any CPU
		{B47FCFC0-BEA8-47AD-8D64-47AC24A817EC}.Release|Any CPU.ActiveCfg = Release|Any CPU
		{B47FCFC0-BEA8-47AD-8D64-47AC24A817EC}.Release|Any CPU.Build.0 = Release|Any CPU
		{D0F073F1-8D38-45E9-9D55-B473E88F4238}.Debug|Any CPU.ActiveCfg = Debug|Any CPU
		{D0F073F1-8D38-45E9-9D55-B473E88F4238}.Debug|Any CPU.Build.0 = Debug|Any CPU
		{D0F073F1-8D38-45E9-9D55-B473E88F4238}.Release|Any CPU.ActiveCfg = Release|Any CPU
		{D0F073F1-8D38-45E9-9D55-B473E88F4238}.Release|Any CPU.Build.0 = Release|Any CPU
	EndGlobalSection
	GlobalSection(SolutionProperties) = preSolution
		HideSolutionNode = FALSE
	EndGlobalSection
	GlobalSection(ExtensibilityGlobals) = postSolution
		SolutionGuid = {1F89C40B-E3D0-409D-ABCD-15863DB4864A}
	EndGlobalSection
EndGlobal
